
Microsoft Visual Studio Solution File, Format Version 12.00
# Visual Studio Version 17
VisualStudioVersion = 17.11.35312.102
MinimumVisualStudioVersion = 10.0.40219.1
Project("{FAE04EC0-301F-11D3-BF4B-00C04F79EFBC}") = "LastVisiting", "LastVisiting\LastVisiting.csproj", "{4ADBBF68-1809-46F9-B625-E1C9E77D296E}"
EndProject
Global
	GlobalSection(SolutionConfigurationPlatforms) = preSolution
		Debug|Any CPU = Debug|Any CPU
		Release|Any CPU = Release|Any CPU
	EndGlobalSection
	GlobalSection(ProjectConfigurationPlatforms) = postSolution
		{4ADBBF68-1809-46F9-B625-E1C9E77D296E}.Debug|Any CPU.ActiveCfg = Debug|Any CPU
		{4ADBBF68-1809-46F9-B625-E1C9E77D296E}.Debug|Any CPU.Build.0 = Debug|Any CPU
		{4ADBBF68-1809-46F9-B625-E1C9E77D296E}.Release|Any CPU.ActiveCfg = Release|Any CPU
		{4ADBBF68-1809-46F9-B625-E1C9E77D296E}.Release|Any CPU.Build.0 = Release|Any CPU
	EndGlobalSection
	GlobalSection(SolutionProperties) = preSolution
		HideSolutionNode = FALSE
	EndGlobalSection
	GlobalSection(ExtensibilityGlobals) = postSolution
		SolutionGuid = {AC66D94E-3D5E-441A-9F39-95F3E9B81C40}
	EndGlobalSection
EndGlobal
